
Microsoft Visual Studio Solution File, Format Version 12.00
# Visual Studio 15
Project("{FAE04EC0-301F-11D3-BF4B-00C04F79EFBC}") = "Assembly-CSharp", "Assembly-CSharp.csproj", "{FB4463D4-93A7-4C97-0CE2-993CBD33899D}"
EndProject
Global
	GlobalSection(SolutionConfigurationPlatforms) = preSolution
		Debug|Any CPU = Debug|Any CPU
		Release|Any CPU = Release|Any CPU
	EndGlobalSection
	GlobalSection(ProjectConfigurationPlatforms) = postSolution
		{FB4463D4-93A7-4C97-0CE2-993CBD33899D}.Debug|Any CPU.ActiveCfg = Debug|Any CPU
		{FB4463D4-93A7-4C97-0CE2-993CBD33899D}.Debug|Any CPU.Build.0 = Debug|Any CPU
		{FB4463D4-93A7-4C97-0CE2-993CBD33899D}.Release|Any CPU.ActiveCfg = Release|Any CPU
		{FB4463D4-93A7-4C97-0CE2-993CBD33899D}.Release|Any CPU.Build.0 = Release|Any CPU
	EndGlobalSection
	GlobalSection(SolutionProperties) = preSolution
		HideSolutionNode = FALSE
	EndGlobalSection
EndGlobal
